
Microsoft Visual Studio Solution File, Format Version 12.00
# Visual Studio Version 16
VisualStudioVersion = 16.0.30523.141
MinimumVisualStudioVersion = 10.0.40219.1
Project("{FAE04EC0-301F-11D3-BF4B-00C04F79EFBC}") = "w02", "w02\w02.csproj", "{D50B3C07-418C-4ADC-B604-C8949F6BED2E}"
EndProject
Global
	GlobalSection(SolutionConfigurationPlatforms) = preSolution
		Debug|Any CPU = Debug|Any CPU
		Release|Any CPU = Release|Any CPU
	EndGlobalSection
	GlobalSection(ProjectConfigurationPlatforms) = postSolution
		{D50B3C07-418C-4ADC-B604-C8949F6BED2E}.Debug|Any CPU.ActiveCfg = Debug|Any CPU
		{D50B3C07-418C-4ADC-B604-C8949F6BED2E}.Debug|Any CPU.Build.0 = Debug|Any CPU
		{D50B3C07-418C-4ADC-B604-C8949F6BED2E}.Release|Any CPU.ActiveCfg = Release|Any CPU
		{D50B3C07-418C-4ADC-B604-C8949F6BED2E}.Release|Any CPU.Build.0 = Release|Any CPU
	EndGlobalSection
	GlobalSection(SolutionProperties) = preSolution
		HideSolutionNode = FALSE
	EndGlobalSection
	GlobalSection(ExtensibilityGlobals) = postSolution
		SolutionGuid = {05FE18C2-4074-4DA7-9CF8-8731C5CB42AA}
	EndGlobalSection
EndGlobal
