
Microsoft Visual Studio Solution File, Format Version 12.00
# Visual Studio Version 16
VisualStudioVersion = 16.0.30523.141
MinimumVisualStudioVersion = 10.0.40219.1
Project("{FAE04EC0-301F-11D3-BF4B-00C04F79EFBC}") = "Hospital1", "Hospital1\Hospital1.csproj", "{E2D8F947-7462-47A6-AE16-4E4E3C0CFD88}"
EndProject
Global
	GlobalSection(SolutionConfigurationPlatforms) = preSolution
		Debug|Any CPU = Debug|Any CPU
		Release|Any CPU = Release|Any CPU
	EndGlobalSection
	GlobalSection(ProjectConfigurationPlatforms) = postSolution
		{E2D8F947-7462-47A6-AE16-4E4E3C0CFD88}.Debug|Any CPU.ActiveCfg = Debug|Any CPU
		{E2D8F947-7462-47A6-AE16-4E4E3C0CFD88}.Debug|Any CPU.Build.0 = Debug|Any CPU
		{E2D8F947-7462-47A6-AE16-4E4E3C0CFD88}.Release|Any CPU.ActiveCfg = Release|Any CPU
		{E2D8F947-7462-47A6-AE16-4E4E3C0CFD88}.Release|Any CPU.Build.0 = Release|Any CPU
	EndGlobalSection
	GlobalSection(SolutionProperties) = preSolution
		HideSolutionNode = FALSE
	EndGlobalSection
	GlobalSection(ExtensibilityGlobals) = postSolution
		SolutionGuid = {5B71FA76-6315-4C7C-A294-C3AC92FC5749}
	EndGlobalSection
EndGlobal
