
Microsoft Visual Studio Solution File, Format Version 12.00
# Visual Studio Version 16
VisualStudioVersion = 16.0.30523.141
MinimumVisualStudioVersion = 10.0.40219.1
Project("{FAE04EC0-301F-11D3-BF4B-00C04F79EFBC}") = "pagerazor", "pagerazor\pagerazor.csproj", "{25DABCBB-01D6-4B88-90BD-A52503F77B5A}"
EndProject
Global
	GlobalSection(SolutionConfigurationPlatforms) = preSolution
		Debug|Any CPU = Debug|Any CPU
		Release|Any CPU = Release|Any CPU
	EndGlobalSection
	GlobalSection(ProjectConfigurationPlatforms) = postSolution
		{25DABCBB-01D6-4B88-90BD-A52503F77B5A}.Debug|Any CPU.ActiveCfg = Debug|Any CPU
		{25DABCBB-01D6-4B88-90BD-A52503F77B5A}.Debug|Any CPU.Build.0 = Debug|Any CPU
		{25DABCBB-01D6-4B88-90BD-A52503F77B5A}.Release|Any CPU.ActiveCfg = Release|Any CPU
		{25DABCBB-01D6-4B88-90BD-A52503F77B5A}.Release|Any CPU.Build.0 = Release|Any CPU
	EndGlobalSection
	GlobalSection(SolutionProperties) = preSolution
		HideSolutionNode = FALSE
	EndGlobalSection
	GlobalSection(ExtensibilityGlobals) = postSolution
		SolutionGuid = {8C1C3B47-94FD-40D6-A9B1-95CF3BC57736}
	EndGlobalSection
EndGlobal
