
Microsoft Visual Studio Solution File, Format Version 12.00
# Visual Studio Version 16
VisualStudioVersion = 16.0.30523.141
MinimumVisualStudioVersion = 10.0.40219.1
Project("{FAE04EC0-301F-11D3-BF4B-00C04F79EFBC}") = "WingtipToys", "WingtipToys\WingtipToys.csproj", "{335AE93C-EFBE-4179-8420-75656BF56A0F}"
EndProject
Global
	GlobalSection(SolutionConfigurationPlatforms) = preSolution
		Debug|Any CPU = Debug|Any CPU
		Release|Any CPU = Release|Any CPU
	EndGlobalSection
	GlobalSection(ProjectConfigurationPlatforms) = postSolution
		{335AE93C-EFBE-4179-8420-75656BF56A0F}.Debug|Any CPU.ActiveCfg = Debug|Any CPU
		{335AE93C-EFBE-4179-8420-75656BF56A0F}.Debug|Any CPU.Build.0 = Debug|Any CPU
		{335AE93C-EFBE-4179-8420-75656BF56A0F}.Release|Any CPU.ActiveCfg = Release|Any CPU
		{335AE93C-EFBE-4179-8420-75656BF56A0F}.Release|Any CPU.Build.0 = Release|Any CPU
	EndGlobalSection
	GlobalSection(SolutionProperties) = preSolution
		HideSolutionNode = FALSE
	EndGlobalSection
	GlobalSection(ExtensibilityGlobals) = postSolution
		SolutionGuid = {140CA02D-4497-4A04-A3E3-81BD0C2F20A9}
	EndGlobalSection
EndGlobal
