
Microsoft Visual Studio Solution File, Format Version 12.00
# Visual Studio Version 16
VisualStudioVersion = 16.0.30523.141
MinimumVisualStudioVersion = 10.0.40219.1
Project("{FAE04EC0-301F-11D3-BF4B-00C04F79EFBC}") = "TinFactory", "TinFactory\TinFactory.csproj", "{FFE94391-E485-45E6-B145-1BDCE0FF9D08}"
EndProject
Project("{FAE04EC0-301F-11D3-BF4B-00C04F79EFBC}") = "WebApplication4", "WebApplication4\WebApplication4.csproj", "{48DDA010-B4DD-4616-87C5-71015118F7BA}"
EndProject
Global
	GlobalSection(SolutionConfigurationPlatforms) = preSolution
		Debug|Any CPU = Debug|Any CPU
		Release|Any CPU = Release|Any CPU
	EndGlobalSection
	GlobalSection(ProjectConfigurationPlatforms) = postSolution
		{FFE94391-E485-45E6-B145-1BDCE0FF9D08}.Debug|Any CPU.ActiveCfg = Debug|Any CPU
		{FFE94391-E485-45E6-B145-1BDCE0FF9D08}.Debug|Any CPU.Build.0 = Debug|Any CPU
		{FFE94391-E485-45E6-B145-1BDCE0FF9D08}.Release|Any CPU.ActiveCfg = Release|Any CPU
		{FFE94391-E485-45E6-B145-1BDCE0FF9D08}.Release|Any CPU.Build.0 = Release|Any CPU
		{48DDA010-B4DD-4616-87C5-71015118F7BA}.Debug|Any CPU.ActiveCfg = Debug|Any CPU
		{48DDA010-B4DD-4616-87C5-71015118F7BA}.Debug|Any CPU.Build.0 = Debug|Any CPU
		{48DDA010-B4DD-4616-87C5-71015118F7BA}.Release|Any CPU.ActiveCfg = Release|Any CPU
		{48DDA010-B4DD-4616-87C5-71015118F7BA}.Release|Any CPU.Build.0 = Release|Any CPU
	EndGlobalSection
	GlobalSection(SolutionProperties) = preSolution
		HideSolutionNode = FALSE
	EndGlobalSection
	GlobalSection(ExtensibilityGlobals) = postSolution
		SolutionGuid = {18E88224-78DF-4719-AB6F-41E9A23209BF}
	EndGlobalSection
EndGlobal
