
Microsoft Visual Studio Solution File, Format Version 12.00
# Visual Studio Version 16
VisualStudioVersion = 16.0.30523.141
MinimumVisualStudioVersion = 10.0.40219.1
Project("{FAE04EC0-301F-11D3-BF4B-00C04F79EFBC}") = "Information-API", "Information-API\Information-API.csproj", "{95B7AE71-93DF-4BA2-BF08-BEE3DE00F16C}"
EndProject
Global
	GlobalSection(SolutionConfigurationPlatforms) = preSolution
		Debug|Any CPU = Debug|Any CPU
		Release|Any CPU = Release|Any CPU
	EndGlobalSection
	GlobalSection(ProjectConfigurationPlatforms) = postSolution
		{95B7AE71-93DF-4BA2-BF08-BEE3DE00F16C}.Debug|Any CPU.ActiveCfg = Debug|Any CPU
		{95B7AE71-93DF-4BA2-BF08-BEE3DE00F16C}.Debug|Any CPU.Build.0 = Debug|Any CPU
		{95B7AE71-93DF-4BA2-BF08-BEE3DE00F16C}.Release|Any CPU.ActiveCfg = Release|Any CPU
		{95B7AE71-93DF-4BA2-BF08-BEE3DE00F16C}.Release|Any CPU.Build.0 = Release|Any CPU
	EndGlobalSection
	GlobalSection(SolutionProperties) = preSolution
		HideSolutionNode = FALSE
	EndGlobalSection
	GlobalSection(ExtensibilityGlobals) = postSolution
		SolutionGuid = {4A95C366-D42A-48B0-A812-170DEEC694F6}
	EndGlobalSection
EndGlobal
