
Microsoft Visual Studio Solution File, Format Version 12.00
# Visual Studio Version 16
VisualStudioVersion = 16.0.30523.141
MinimumVisualStudioVersion = 10.0.40219.1
Project("{FAE04EC0-301F-11D3-BF4B-00C04F79EFBC}") = "ASP_API_ANGULAR", "ASP_API_ANGULAR\ASP_API_ANGULAR.csproj", "{57783E70-AEA7-4126-8079-84A5474892EE}"
EndProject
Global
	GlobalSection(SolutionConfigurationPlatforms) = preSolution
		Debug|Any CPU = Debug|Any CPU
		Release|Any CPU = Release|Any CPU
	EndGlobalSection
	GlobalSection(ProjectConfigurationPlatforms) = postSolution
		{57783E70-AEA7-4126-8079-84A5474892EE}.Debug|Any CPU.ActiveCfg = Debug|Any CPU
		{57783E70-AEA7-4126-8079-84A5474892EE}.Debug|Any CPU.Build.0 = Debug|Any CPU
		{57783E70-AEA7-4126-8079-84A5474892EE}.Release|Any CPU.ActiveCfg = Release|Any CPU
		{57783E70-AEA7-4126-8079-84A5474892EE}.Release|Any CPU.Build.0 = Release|Any CPU
	EndGlobalSection
	GlobalSection(SolutionProperties) = preSolution
		HideSolutionNode = FALSE
	EndGlobalSection
	GlobalSection(ExtensibilityGlobals) = postSolution
		SolutionGuid = {3C27760A-F0F4-4975-BB11-44D047564D3C}
	EndGlobalSection
EndGlobal
